
Microsoft Visual Studio Solution File, Format Version 12.00
# Visual Studio Version 16
VisualStudioVersion = 16.0.29102.190
MinimumVisualStudioVersion = 10.0.40219.1
Project("{FAE04EC0-301F-11D3-BF4B-00C04F79EFBC}") = "IfStatementsCont", "IfStatementsCont\IfStatementsCont.csproj", "{A81EABDC-5129-4DBC-A4EC-5933F49C296C}"
EndProject
Global
	GlobalSection(SolutionConfigurationPlatforms) = preSolution
		Debug|Any CPU = Debug|Any CPU
		Release|Any CPU = Release|Any CPU
	EndGlobalSection
	GlobalSection(ProjectConfigurationPlatforms) = postSolution
		{A81EABDC-5129-4DBC-A4EC-5933F49C296C}.Debug|Any CPU.ActiveCfg = Debug|Any CPU
		{A81EABDC-5129-4DBC-A4EC-5933F49C296C}.Debug|Any CPU.Build.0 = Debug|Any CPU
		{A81EABDC-5129-4DBC-A4EC-5933F49C296C}.Release|Any CPU.ActiveCfg = Release|Any CPU
		{A81EABDC-5129-4DBC-A4EC-5933F49C296C}.Release|Any CPU.Build.0 = Release|Any CPU
	EndGlobalSection
	GlobalSection(SolutionProperties) = preSolution
		HideSolutionNode = FALSE
	EndGlobalSection
	GlobalSection(ExtensibilityGlobals) = postSolution
		SolutionGuid = {DAD51685-08C0-429F-AECF-AB94881A9EE0}
	EndGlobalSection
EndGlobal
